
Microsoft Visual Studio Solution File, Format Version 12.00
# Visual Studio Version 16
VisualStudioVersion = 16.0.29728.190
MinimumVisualStudioVersion = 10.0.40219.1
Project("{FAE04EC0-301F-11D3-BF4B-00C04F79EFBC}") = "Test App", "Test App\Test App.csproj", "{8DFF13BD-F8AC-4DD5-AE12-E3955198A79C}"
EndProject
Global
	GlobalSection(SolutionConfigurationPlatforms) = preSolution
		Debug|Any CPU = Debug|Any CPU
		Release|Any CPU = Release|Any CPU
	EndGlobalSection
	GlobalSection(ProjectConfigurationPlatforms) = postSolution
		{8DFF13BD-F8AC-4DD5-AE12-E3955198A79C}.Debug|Any CPU.ActiveCfg = Debug|Any CPU
		{8DFF13BD-F8AC-4DD5-AE12-E3955198A79C}.Debug|Any CPU.Build.0 = Debug|Any CPU
		{8DFF13BD-F8AC-4DD5-AE12-E3955198A79C}.Release|Any CPU.ActiveCfg = Release|Any CPU
		{8DFF13BD-F8AC-4DD5-AE12-E3955198A79C}.Release|Any CPU.Build.0 = Release|Any CPU
	EndGlobalSection
	GlobalSection(SolutionProperties) = preSolution
		HideSolutionNode = FALSE
	EndGlobalSection
	GlobalSection(ExtensibilityGlobals) = postSolution
		SolutionGuid = {2384B249-F173-48FA-8525-9150651DAAB1}
	EndGlobalSection
EndGlobal
